
Microsoft Visual Studio Solution File, Format Version 12.00
# Visual Studio 15
VisualStudioVersion = 15.0.28307.757
MinimumVisualStudioVersion = 10.0.40219.1
Project("{FAE04EC0-301F-11D3-BF4B-00C04F79EFBC}") = "StardewValleyExpanded", "StardewValleyExpanded\StardewValleyExpanded.csproj", "{05CAC10D-AA98-46E3-8D2F-B28EE29DD702}"
EndProject
Global
	GlobalSection(SolutionConfigurationPlatforms) = preSolution
		Debug|Any CPU = Debug|Any CPU
		Release|Any CPU = Release|Any CPU
	EndGlobalSection
	GlobalSection(ProjectConfigurationPlatforms) = postSolution
		{05CAC10D-AA98-46E3-8D2F-B28EE29DD702}.Debug|Any CPU.ActiveCfg = Debug|Any CPU
		{05CAC10D-AA98-46E3-8D2F-B28EE29DD702}.Debug|Any CPU.Build.0 = Debug|Any CPU
		{05CAC10D-AA98-46E3-8D2F-B28EE29DD702}.Release|Any CPU.ActiveCfg = Release|Any CPU
		{05CAC10D-AA98-46E3-8D2F-B28EE29DD702}.Release|Any CPU.Build.0 = Release|Any CPU
	EndGlobalSection
	GlobalSection(SolutionProperties) = preSolution
		HideSolutionNode = FALSE
	EndGlobalSection
	GlobalSection(ExtensibilityGlobals) = postSolution
		SolutionGuid = {660C3C27-E7F0-4FB3-85B6-644B982096A2}
	EndGlobalSection
EndGlobal
