
Microsoft Visual Studio Solution File, Format Version 12.00
# Visual Studio Version 16
VisualStudioVersion = 16.0.29613.14
MinimumVisualStudioVersion = 10.0.40219.1
Project("{9A19103F-16F7-4668-BE54-9A1E7A4F7556}") = "StardewValleyExpanded", "StardewValleyExpanded.csproj", "{161DB11F-2A07-42DE-A20D-DF80674A0CDE}"
EndProject
Global
	GlobalSection(SolutionConfigurationPlatforms) = preSolution
		Debug|Any CPU = Debug|Any CPU
		Release|Any CPU = Release|Any CPU
	EndGlobalSection
	GlobalSection(ProjectConfigurationPlatforms) = postSolution
		{161DB11F-2A07-42DE-A20D-DF80674A0CDE}.Debug|Any CPU.ActiveCfg = Debug|Any CPU
		{161DB11F-2A07-42DE-A20D-DF80674A0CDE}.Debug|Any CPU.Build.0 = Debug|Any CPU
		{161DB11F-2A07-42DE-A20D-DF80674A0CDE}.Release|Any CPU.ActiveCfg = Release|Any CPU
		{161DB11F-2A07-42DE-A20D-DF80674A0CDE}.Release|Any CPU.Build.0 = Release|Any CPU
	EndGlobalSection
	GlobalSection(SolutionProperties) = preSolution
		HideSolutionNode = FALSE
	EndGlobalSection
	GlobalSection(ExtensibilityGlobals) = postSolution
		SolutionGuid = {196E10DF-2F32-4A2A-80FD-ED515F41D72F}
	EndGlobalSection
EndGlobal
